
Microsoft Visual Studio Solution File, Format Version 12.00
# Visual Studio Version 17
VisualStudioVersion = 17.7.34031.279
MinimumVisualStudioVersion = 10.0.40219.1
Project("{FAE04EC0-301F-11D3-BF4B-00C04F79EFBC}") = "Finite Difference", "Finite Difference\Finite Difference.csproj", "{28D14AFA-F1BB-46A6-9E02-C4D9E957427C}"
EndProject
Global
	GlobalSection(SolutionConfigurationPlatforms) = preSolution
		Debug|Any CPU = Debug|Any CPU
		Release|Any CPU = Release|Any CPU
	EndGlobalSection
	GlobalSection(ProjectConfigurationPlatforms) = postSolution
		{28D14AFA-F1BB-46A6-9E02-C4D9E957427C}.Debug|Any CPU.ActiveCfg = Debug|Any CPU
		{28D14AFA-F1BB-46A6-9E02-C4D9E957427C}.Debug|Any CPU.Build.0 = Debug|Any CPU
		{28D14AFA-F1BB-46A6-9E02-C4D9E957427C}.Release|Any CPU.ActiveCfg = Release|Any CPU
		{28D14AFA-F1BB-46A6-9E02-C4D9E957427C}.Release|Any CPU.Build.0 = Release|Any CPU
	EndGlobalSection
	GlobalSection(SolutionProperties) = preSolution
		HideSolutionNode = FALSE
	EndGlobalSection
	GlobalSection(ExtensibilityGlobals) = postSolution
		SolutionGuid = {2755A92C-E213-4331-990A-A2873AA547CA}
	EndGlobalSection
EndGlobal
